PODS:
  - connectivity_plus (0.0.1):
    - Flutter
    - ReachabilitySwift
  - Flutter (1.0.0)
  - flutter_secure_storage (6.0.0):
    - Flutter
  - open_filex (0.0.2):
    - Flutter
  - permission_handler_apple (9.3.0):
    - Flutter
  - ReachabilitySwift (5.2.4)
  - share_plus (0.0.1):
    - Flutter

DEPENDENCIES:
  - connectivity_plus (from `.symlinks/plugins/connectivity_plus/ios`)
  - Flutter (from `Flutter`)
  - flutter_secure_storage (from `.symlinks/plugins/flutter_secure_storage/ios`)
  - open_filex (from `.symlinks/plugins/open_filex/ios`)
  - permission_handler_apple (from `.symlinks/plugins/permission_handler_apple/ios`)
  - share_plus (from `.symlinks/plugins/share_plus/ios`)

SPEC REPOS:
  trunk:
    - ReachabilitySwift

EXTERNAL SOURCES:
  connectivity_plus:
    :path: ".symlinks/plugins/connectivity_plus/ios"
  Flutter:
    :path: Flutter
  flutter_secure_storage:
    :path: ".symlinks/plugins/flutter_secure_storage/ios"
  open_filex:
    :path: ".symlinks/plugins/open_filex/ios"
  permission_handler_apple:
    :path: ".symlinks/plugins/permission_handler_apple/ios"
  share_plus:
    :path: ".symlinks/plugins/share_plus/ios"

SPEC CHECKSUMS:
  connectivity_plus: 481668c94744c30c53b8895afb39159d1e619bdf
  Flutter: 71a624a5bc0c04062bf19101d501e466baf2fb47
  flutter_secure_storage: 2c2ff13db9e0a5647389bff88b0ecac56e3f3418
  open_filex: 432f3cd11432da3e39f47fcc0df2b1603854eff1
  permission_handler_apple: 4ed2196e43d0651e8ff7ca3483a069d469701f2d
  ReachabilitySwift: 32793e867593cfc1177f5d16491e3a197d2fccda
  share_plus: de6030e33b4e106470e09322d87cf2a4258d2d1d

PODFILE CHECKSUM: f202fbd52d97b6415016042f90aad24757fd5ecf

COCOAPODS: 1.16.2
